// !$*UTF8*$!
{
	archiveVersion = 1;
	classes = {
	};
	objectVersion = 48;
	objects = {

/* Begin PBXBuildFile section */
		41129A21203FE28D0099C5C6 /* Label.swift in Sources */ = {isa = PBXBuildFile; fileRef = 41129A20203FE28D0099C5C6 /* Label.swift */; };
		41129A23203FE2FE0099C5C6 /* Distance.swift in Sources */ = {isa = PBXBuildFile; fileRef = 41129A22203FE2FE0099C5C6 /* Distance.swift */; };
		412D340A203E0EA400C9696F /* ArcadeClassic.TTF in Resources */ = {isa = PBXBuildFile; fileRef = 412D3409203E0EA400C9696F /* ArcadeClassic.TTF */; };
		412D340C203E0F4F00C9696F /* GameStartScene.sks in Resources */ = {isa = PBXBuildFile; fileRef = 412D340B203E0F4F00C9696F /* GameStartScene.sks */; };
		412D340E203E0FB200C9696F /* GameStartScene.swift in Sources */ = {isa = PBXBuildFile; fileRef = 412D340D203E0FB200C9696F /* GameStartScene.swift */; };
		4147CED520408B220093E131 /* GameTutorial.sks in Resources */ = {isa = PBXBuildFile; fileRef = 4147CED420408B220093E131 /* GameTutorial.sks */; };
		4147CED720408B9A0093E131 /* GameTutorial.swift in Sources */ = {isa = PBXBuildFile; fileRef = 4147CED620408B9A0093E131 /* GameTutorial.swift */; };
		4147CED920408C5F0093E131 /* GameOverScene.sks in Resources */ = {isa = PBXBuildFile; fileRef = 4147CED820408C5F0093E131 /* GameOverScene.sks */; };
		4147CEDB20408CB00093E131 /* GameOverScene.swift in Sources */ = {isa = PBXBuildFile; fileRef = 4147CEDA20408CB00093E131 /* GameOverScene.swift */; };
		4147CEDE20408D470093E131 /* Collisionmanager.swift in Sources */ = {isa = PBXBuildFile; fileRef = 4147CEDD20408D470093E131 /* Collisionmanager.swift */; };
		4147CEE020408D7D0093E131 /* Scoremanager.swift in Sources */ = {isa = PBXBuildFile; fileRef = 4147CEDF20408D7D0093E131 /* Scoremanager.swift */; };
		4147CEE320408F0A0093E131 /* Explosion.sks in Resources */ = {isa = PBXBuildFile; fileRef = 4147CEE120408F0A0093E131 /* Explosion.sks */; };
		4147CEE420408F0A0093E131 /* Assets.xcassets in Resources */ = {isa = PBXBuildFile; fileRef = 4147CEE220408F0A0093E131 /* Assets.xcassets */; };
		415C2E51202BB8C0005381D4 /* AppDelegate.swift in Sources */ = {isa = PBXBuildFile; fileRef = 415C2E50202BB8C0005381D4 /* AppDelegate.swift */; };
		415C2E53202BB8C0005381D4 /* GameScene.sks in Resources */ = {isa = PBXBuildFile; fileRef = 415C2E52202BB8C0005381D4 /* GameScene.sks */; };
		415C2E55202BB8C0005381D4 /* Actions.sks in Resources */ = {isa = PBXBuildFile; fileRef = 415C2E54202BB8C0005381D4 /* Actions.sks */; };
		415C2E57202BB8C0005381D4 /* GameScene.swift in Sources */ = {isa = PBXBuildFile; fileRef = 415C2E56202BB8C0005381D4 /* GameScene.swift */; };
		415C2E59202BB8C0005381D4 /* GameViewController.swift in Sources */ = {isa = PBXBuildFile; fileRef = 415C2E58202BB8C0005381D4 /* GameViewController.swift */; };
		415C2E5C202BB8C0005381D4 /* Main.storyboard in Resources */ = {isa = PBXBuildFile; fileRef = 415C2E5A202BB8C0005381D4 /* Main.storyboard */; };
		415C2E61202BB8C0005381D4 /* LaunchScreen.storyboard in Resources */ = {isa = PBXBuildFile; fileRef = 415C2E5F202BB8C0005381D4 /* LaunchScreen.storyboard */; };
		415C2E6B202BBCDA005381D4 /* GameProtocol.swift in Sources */ = {isa = PBXBuildFile; fileRef = 415C2E6A202BBCDA005381D4 /* GameProtocol.swift */; };
		415C2E6D202BBD29005381D4 /* GameObject.swift in Sources */ = {isa = PBXBuildFile; fileRef = 415C2E6C202BBD29005381D4 /* GameObject.swift */; };
		415C2E6F202BBDA8005381D4 /* Road.swift in Sources */ = {isa = PBXBuildFile; fileRef = 415C2E6E202BBDA8005381D4 /* Road.swift */; };
		41721442203BEFCE00584F1A /* Sedan.swift in Sources */ = {isa = PBXBuildFile; fileRef = 41721441203BEFCE00584F1A /* Sedan.swift */; };
		41721444203BEFDF00584F1A /* MiniVan.swift in Sources */ = {isa = PBXBuildFile; fileRef = 41721443203BEFDF00584F1A /* MiniVan.swift */; };
		4174DC1920367CBB0007F023 /* Police.swift in Sources */ = {isa = PBXBuildFile; fileRef = 4174DC1820367CBB0007F023 /* Police.swift */; };
		4196AD05202E632500E754FE /* Ambulance.swift in Sources */ = {isa = PBXBuildFile; fileRef = 4196AD04202E632500E754FE /* Ambulance.swift */; };
		419FD07520374B7700914DAE /* police_siren.mp3 in Resources */ = {isa = PBXBuildFile; fileRef = 419FD07420374B7700914DAE /* police_siren.mp3 */; };
		419FD07720374BBE00914DAE /* ambulance_siren.mp3 in Resources */ = {isa = PBXBuildFile; fileRef = 419FD07620374BBE00914DAE /* ambulance_siren.mp3 */; };
		419FD07B203758A600914DAE /* Taxi.swift in Sources */ = {isa = PBXBuildFile; fileRef = 419FD07A203758A600914DAE /* Taxi.swift */; };
		419FD07F20375CB000914DAE /* Viper.swift in Sources */ = {isa = PBXBuildFile; fileRef = 419FD07E20375CB000914DAE /* Viper.swift */; };
		41B160F32037751300E9D647 /* MiniTruck.swift in Sources */ = {isa = PBXBuildFile; fileRef = 41B160F22037751300E9D647 /* MiniTruck.swift */; };
		41B160F72037772C00E9D647 /* Truck.swift in Sources */ = {isa = PBXBuildFile; fileRef = 41B160F62037772C00E9D647 /* Truck.swift */; };
		41E0F71E202E52B2009EF684 /* Car.swift in Sources */ = {isa = PBXBuildFile; fileRef = 41E0F71D202E52B2009EF684 /* Car.swift */; };
/* End PBXBuildFile section */

/* Begin PBXFileReference section */
		41129A20203FE28D0099C5C6 /* Label.swift */ = {isa = PBXFileReference; lastKnownFileType = sourcecode.swift; path = Label.swift; sourceTree = "<group>"; };
		41129A22203FE2FE0099C5C6 /* Distance.swift */ = {isa = PBXFileReference; lastKnownFileType = sourcecode.swift; path = Distance.swift; sourceTree = "<group>"; };
		412D3409203E0EA400C9696F /* ArcadeClassic.TTF */ = {isa = PBXFileReference; lastKnownFileType = file; path = ArcadeClassic.TTF; sourceTree = "<group>"; };
		412D340B203E0F4F00C9696F /* GameStartScene.sks */ = {isa = PBXFileReference; lastKnownFileType = file.sks; path = GameStartScene.sks; sourceTree = "<group>"; };
		412D340D203E0FB200C9696F /* GameStartScene.swift */ = {isa = PBXFileReference; lastKnownFileType = sourcecode.swift; path = GameStartScene.swift; sourceTree = "<group>"; };
		4147CED420408B220093E131 /* GameTutorial.sks */ = {isa = PBXFileReference; lastKnownFileType = file.sks; path = GameTutorial.sks; sourceTree = "<group>"; };
		4147CED620408B9A0093E131 /* GameTutorial.swift */ = {isa = PBXFileReference; lastKnownFileType = sourcecode.swift; path = GameTutorial.swift; sourceTree = "<group>"; };
		4147CED820408C5F0093E131 /* GameOverScene.sks */ = {isa = PBXFileReference; lastKnownFileType = file.sks; path = GameOverScene.sks; sourceTree = "<group>"; };
		4147CEDA20408CB00093E131 /* GameOverScene.swift */ = {isa = PBXFileReference; lastKnownFileType = sourcecode.swift; path = GameOverScene.swift; sourceTree = "<group>"; };
		4147CEDD20408D470093E131 /* Collisionmanager.swift */ = {isa = PBXFileReference; lastKnownFileType = sourcecode.swift; path = Collisionmanager.swift; sourceTree = "<group>"; };
		4147CEDF20408D7D0093E131 /* Scoremanager.swift */ = {isa = PBXFileReference; lastKnownFileType = sourcecode.swift; path = Scoremanager.swift; sourceTree = "<group>"; };
		4147CEE120408F0A0093E131 /* Explosion.sks */ = {isa = PBXFileReference; lastKnownFileType = file.sks; path = Explosion.sks; sourceTree = "<group>"; };
		4147CEE220408F0A0093E131 /* Assets.xcassets */ = {isa = PBXFileReference; lastKnownFileType = folder.assetcatalog; path = Assets.xcassets; sourceTree = "<group>"; };
		415C2E4D202BB8C0005381D4 /* Road Fighter.app */ = {isa = PBXFileReference; explicitFileType = wrapper.application; includeInIndex = 0; path = "Road Fighter.app"; sourceTree = BUILT_PRODUCTS_DIR; };
		415C2E50202BB8C0005381D4 /* AppDelegate.swift */ = {isa = PBXFileReference; lastKnownFileType = sourcecode.swift; path = AppDelegate.swift; sourceTree = "<group>"; };
		415C2E52202BB8C0005381D4 /* GameScene.sks */ = {isa = PBXFileReference; lastKnownFileType = file.sks; path = GameScene.sks; sourceTree = "<group>"; };
		415C2E54202BB8C0005381D4 /* Actions.sks */ = {isa = PBXFileReference; lastKnownFileType = file.sks; path = Actions.sks; sourceTree = "<group>"; };
		415C2E56202BB8C0005381D4 /* GameScene.swift */ = {isa = PBXFileReference; lastKnownFileType = sourcecode.swift; path = GameScene.swift; sourceTree = "<group>"; };
		415C2E58202BB8C0005381D4 /* GameViewController.swift */ = {isa = PBXFileReference; lastKnownFileType = sourcecode.swift; path = GameViewController.swift; sourceTree = "<group>"; };
		415C2E5B202BB8C0005381D4 /* Base */ = {isa = PBXFileReference; lastKnownFileType = file.storyboard; name = Base; path = Base.lproj/Main.storyboard; sourceTree = "<group>"; };
		415C2E60202BB8C0005381D4 /* Base */ = {isa = PBXFileReference; lastKnownFileType = file.storyboard; name = Base; path = Base.lproj/LaunchScreen.storyboard; sourceTree = "<group>"; };
		415C2E62202BB8C0005381D4 /* Info.plist */ = {isa = PBXFileReference; lastKnownFileType = text.plist.xml; path = Info.plist; sourceTree = "<group>"; };
		415C2E6A202BBCDA005381D4 /* GameProtocol.swift */ = {isa = PBXFileReference; lastKnownFileType = sourcecode.swift; path = GameProtocol.swift; sourceTree = "<group>"; };
		415C2E6C202BBD29005381D4 /* GameObject.swift */ = {isa = PBXFileReference; lastKnownFileType = sourcecode.swift; path = GameObject.swift; sourceTree = "<group>"; };
		415C2E6E202BBDA8005381D4 /* Road.swift */ = {isa = PBXFileReference; lastKnownFileType = sourcecode.swift; path = Road.swift; sourceTree = "<group>"; };
		41721441203BEFCE00584F1A /* Sedan.swift */ = {isa = PBXFileReference; lastKnownFileType = sourcecode.swift; path = Sedan.swift; sourceTree = "<group>"; };
		41721443203BEFDF00584F1A /* MiniVan.swift */ = {isa = PBXFileReference; lastKnownFileType = sourcecode.swift; path = MiniVan.swift; sourceTree = "<group>"; };
		4174DC1820367CBB0007F023 /* Police.swift */ = {isa = PBXFileReference; lastKnownFileType = sourcecode.swift; path = Police.swift; sourceTree = "<group>"; };
		4196AD04202E632500E754FE /* Ambulance.swift */ = {isa = PBXFileReference; lastKnownFileType = sourcecode.swift; path = Ambulance.swift; sourceTree = "<group>"; };
		419FD07420374B7700914DAE /* police_siren.mp3 */ = {isa = PBXFileReference; lastKnownFileType = audio.mp3; path = police_siren.mp3; sourceTree = "<group>"; };
		419FD07620374BBE00914DAE /* ambulance_siren.mp3 */ = {isa = PBXFileReference; lastKnownFileType = audio.mp3; path = ambulance_siren.mp3; sourceTree = "<group>"; };
		419FD07A203758A600914DAE /* Taxi.swift */ = {isa = PBXFileReference; lastKnownFileType = sourcecode.swift; path = Taxi.swift; sourceTree = "<group>"; };
		419FD07E20375CB000914DAE /* Viper.swift */ = {isa = PBXFileReference; lastKnownFileType = sourcecode.swift; path = Viper.swift; sourceTree = "<group>"; };
		41B160F22037751300E9D647 /* MiniTruck.swift */ = {isa = PBXFileReference; lastKnownFileType = sourcecode.swift; path = MiniTruck.swift; sourceTree = "<group>"; };
		41B160F62037772C00E9D647 /* Truck.swift */ = {isa = PBXFileReference; lastKnownFileType = sourcecode.swift; path = Truck.swift; sourceTree = "<group>"; };
		41E0F71D202E52B2009EF684 /* Car.swift */ = {isa = PBXFileReference; lastKnownFileType = sourcecode.swift; path = Car.swift; sourceTree = "<group>"; };
/* End PBXFileReference section */

/* Begin PBXFrameworksBuildPhase section */
		415C2E4A202BB8C0005381D4 /* Frameworks */ = {
			isa = PBXFrameworksBuildPhase;
			buildActionMask = 2147483647;
			files = (
			);
			runOnlyForDeploymentPostprocessing = 0;
		};
/* End PBXFrameworksBuildPhase section */

/* Begin PBXGroup section */
		412D3408203E0E7900C9696F /* Fonts */ = {
			isa = PBXGroup;
			children = (
				412D3409203E0EA400C9696F /* ArcadeClassic.TTF */,
			);
			path = Fonts;
			sourceTree = "<group>";
		};
		4147CEDC20408D060093E131 /* Managers */ = {
			isa = PBXGroup;
			children = (
				4147CEDD20408D470093E131 /* Collisionmanager.swift */,
				4147CEDF20408D7D0093E131 /* Scoremanager.swift */,
			);
			path = Managers;
			sourceTree = "<group>";
		};
		415C2E44202BB8C0005381D4 = {
			isa = PBXGroup;
			children = (
				415C2E4F202BB8C0005381D4 /* Road Fighter */,
				415C2E4E202BB8C0005381D4 /* Products */,
			);
			sourceTree = "<group>";
		};
		415C2E4E202BB8C0005381D4 /* Products */ = {
			isa = PBXGroup;
			children = (
				415C2E4D202BB8C0005381D4 /* Road Fighter.app */,
			);
			name = Products;
			sourceTree = "<group>";
		};
		415C2E4F202BB8C0005381D4 /* Road Fighter */ = {
			isa = PBXGroup;
			children = (
				4147CEDC20408D060093E131 /* Managers */,
				412D3408203E0E7900C9696F /* Fonts */,
				415C2E69202BBC7F005381D4 /* Scenes */,
				415C2E68202BBC47005381D4 /* Objects */,
				415C2E50202BB8C0005381D4 /* AppDelegate.swift */,
				415C2E54202BB8C0005381D4 /* Actions.sks */,
				415C2E58202BB8C0005381D4 /* GameViewController.swift */,
				415C2E5A202BB8C0005381D4 /* Main.storyboard */,
				419FD07420374B7700914DAE /* police_siren.mp3 */,
				419FD07620374BBE00914DAE /* ambulance_siren.mp3 */,
				415C2E5F202BB8C0005381D4 /* LaunchScreen.storyboard */,
				415C2E62202BB8C0005381D4 /* Info.plist */,
				4147CEE120408F0A0093E131 /* Explosion.sks */,
				4147CEE220408F0A0093E131 /* Assets.xcassets */,
			);
			path = "Road Fighter";
			sourceTree = "<group>";
		};
		415C2E68202BBC47005381D4 /* Objects */ = {
			isa = PBXGroup;
			children = (
				415C2E6A202BBCDA005381D4 /* GameProtocol.swift */,
				415C2E6C202BBD29005381D4 /* GameObject.swift */,
				415C2E6E202BBDA8005381D4 /* Road.swift */,
				41E0F71D202E52B2009EF684 /* Car.swift */,
				4196AD04202E632500E754FE /* Ambulance.swift */,
				4174DC1820367CBB0007F023 /* Police.swift */,
				419FD07A203758A600914DAE /* Taxi.swift */,
				419FD07E20375CB000914DAE /* Viper.swift */,
				41B160F22037751300E9D647 /* MiniTruck.swift */,
				41B160F62037772C00E9D647 /* Truck.swift */,
				41721441203BEFCE00584F1A /* Sedan.swift */,
				41721443203BEFDF00584F1A /* MiniVan.swift */,
				41129A20203FE28D0099C5C6 /* Label.swift */,
				41129A22203FE2FE0099C5C6 /* Distance.swift */,
			);
			path = Objects;
			sourceTree = "<group>";
		};
		415C2E69202BBC7F005381D4 /* Scenes */ = {
			isa = PBXGroup;
			children = (
				415C2E52202BB8C0005381D4 /* GameScene.sks */,
				415C2E56202BB8C0005381D4 /* GameScene.swift */,
				412D340B203E0F4F00C9696F /* GameStartScene.sks */,
				412D340D203E0FB200C9696F /* GameStartScene.swift */,
				4147CED420408B220093E131 /* GameTutorial.sks */,
				4147CED620408B9A0093E131 /* GameTutorial.swift */,
				4147CED820408C5F0093E131 /* GameOverScene.sks */,
				4147CEDA20408CB00093E131 /* GameOverScene.swift */,
			);
			path = Scenes;
			sourceTree = "<group>";
		};
/* End PBXGroup section */

/* Begin PBXNativeTarget section */
		415C2E4C202BB8C0005381D4 /* Road Fighter */ = {
			isa = PBXNativeTarget;
			buildConfigurationList = 415C2E65202BB8C0005381D4 /* Build configuration list for PBXNativeTarget "Road Fighter" */;
			buildPhases = (
				415C2E49202BB8C0005381D4 /* Sources */,
				415C2E4A202BB8C0005381D4 /* Frameworks */,
				415C2E4B202BB8C0005381D4 /* Resources */,
			);
			buildRules = (
			);
			dependencies = (
			);
			name = "Road Fighter";
			productName = "Road Fighter";
			productReference = 415C2E4D202BB8C0005381D4 /* Road Fighter.app */;
			productType = "com.apple.product-type.application";
		};
/* End PBXNativeTarget section */

/* Begin PBXProject section */
		415C2E45202BB8C0005381D4 /* Project object */ = {
			isa = PBXProject;
			attributes = {
				LastSwiftUpdateCheck = 0920;
				LastUpgradeCheck = 0920;
				ORGANIZATIONNAME = "YASH SOMPURA";
				TargetAttributes = {
					415C2E4C202BB8C0005381D4 = {
						CreatedOnToolsVersion = 9.2;
						ProvisioningStyle = Automatic;
					};
				};
			};
			buildConfigurationList = 415C2E48202BB8C0005381D4 /* Build configuration list for PBXProject "Road Fighter" */;
			compatibilityVersion = "Xcode 8.0";
			developmentRegion = en;
			hasScannedForEncodings = 0;
			knownRegions = (
				en,
				Base,
			);
			mainGroup = 415C2E44202BB8C0005381D4;
			productRefGroup = 415C2E4E202BB8C0005381D4 /* Products */;
			projectDirPath = "";
			projectRoot = "";
			targets = (
				415C2E4C202BB8C0005381D4 /* Road Fighter */,
			);
		};
/* End PBXProject section */

/* Begin PBXResourcesBuildPhase section */
		415C2E4B202BB8C0005381D4 /* Resources */ = {
			isa = PBXResourcesBuildPhase;
			buildActionMask = 2147483647;
			files = (
				419FD07720374BBE00914DAE /* ambulance_siren.mp3 in Resources */,
				412D340C203E0F4F00C9696F /* GameStartScene.sks in Resources */,
				415C2E5C202BB8C0005381D4 /* Main.storyboard in Resources */,
				415C2E53202BB8C0005381D4 /* GameScene.sks in Resources */,
				4147CED520408B220093E131 /* GameTutorial.sks in Resources */,
				4147CEE320408F0A0093E131 /* Explosion.sks in Resources */,
				419FD07520374B7700914DAE /* police_siren.mp3 in Resources */,
				415C2E61202BB8C0005381D4 /* LaunchScreen.storyboard in Resources */,
				415C2E55202BB8C0005381D4 /* Actions.sks in Resources */,
				4147CED920408C5F0093E131 /* GameOverScene.sks in Resources */,
				4147CEE420408F0A0093E131 /* Assets.xcassets in Resources */,
				412D340A203E0EA400C9696F /* ArcadeClassic.TTF in Resources */,
			);
			runOnlyForDeploymentPostprocessing = 0;
		};
/* End PBXResourcesBuildPhase section */

/* Begin PBXSourcesBuildPhase section */
		415C2E49202BB8C0005381D4 /* Sources */ = {
			isa = PBXSourcesBuildPhase;
			buildActionMask = 2147483647;
			files = (
				41129A23203FE2FE0099C5C6 /* Distance.swift in Sources */,
				419FD07B203758A600914DAE /* Taxi.swift in Sources */,
				41721444203BEFDF00584F1A /* MiniVan.swift in Sources */,
				415C2E57202BB8C0005381D4 /* GameScene.swift in Sources */,
				419FD07F20375CB000914DAE /* Viper.swift in Sources */,
				415C2E6B202BBCDA005381D4 /* GameProtocol.swift in Sources */,
				4147CEE020408D7D0093E131 /* Scoremanager.swift in Sources */,
				412D340E203E0FB200C9696F /* GameStartScene.swift in Sources */,
				4147CED720408B9A0093E131 /* GameTutorial.swift in Sources */,
				4174DC1920367CBB0007F023 /* Police.swift in Sources */,
				41721442203BEFCE00584F1A /* Sedan.swift in Sources */,
				4147CEDB20408CB00093E131 /* GameOverScene.swift in Sources */,
				4147CEDE20408D470093E131 /* Collisionmanager.swift in Sources */,
				4196AD05202E632500E754FE /* Ambulance.swift in Sources */,
				41B160F72037772C00E9D647 /* Truck.swift in Sources */,
				415C2E59202BB8C0005381D4 /* GameViewController.swift in Sources */,
				415C2E6F202BBDA8005381D4 /* Road.swift in Sources */,
				415C2E51202BB8C0005381D4 /* AppDelegate.swift in Sources */,
				41B160F32037751300E9D647 /* MiniTruck.swift in Sources */,
				41129A21203FE28D0099C5C6 /* Label.swift in Sources */,
				415C2E6D202BBD29005381D4 /* GameObject.swift in Sources */,
				41E0F71E202E52B2009EF684 /* Car.swift in Sources */,
			);
			runOnlyForDeploymentPostprocessing = 0;
		};
/* End PBXSourcesBuildPhase section */

/* Begin PBXVariantGroup section */
		415C2E5A202BB8C0005381D4 /* Main.storyboard */ = {
			isa = PBXVariantGroup;
			children = (
				415C2E5B202BB8C0005381D4 /* Base */,
			);
			name = Main.storyboard;
			sourceTree = "<group>";
		};
		415C2E5F202BB8C0005381D4 /* LaunchScreen.storyboard */ = {
			isa = PBXVariantGroup;
			children = (
				415C2E60202BB8C0005381D4 /* Base */,
			);
			name = LaunchScreen.storyboard;
			sourceTree = "<group>";
		};
/* End PBXVariantGroup section */

/* Begin XCBuildConfiguration section */
		415C2E63202BB8C0005381D4 /* Debug */ = {
			isa = XCBuildConfiguration;
			buildSettings = {
				ALWAYS_SEARCH_USER_PATHS = NO;
				CLANG_ANALYZER_NONNULL = YES;
				CLANG_ANALYZER_NUMBER_OBJECT_CONVERSION = YES_AGGRESSIVE;
				CLANG_CXX_LANGUAGE_STANDARD = "gnu++14";
				CLANG_CXX_LIBRARY = "libc++";
				CLANG_ENABLE_MODULES = YES;
				CLANG_ENABLE_OBJC_ARC = YES;
				CLANG_WARN_BLOCK_CAPTURE_AUTORELEASING = YES;
				CLANG_WARN_BOOL_CONVERSION = YES;
				CLANG_WARN_COMMA = YES;
				CLANG_WARN_CONSTANT_CONVERSION = YES;
				CLANG_WARN_DIRECT_OBJC_ISA_USAGE = YES_ERROR;
				CLANG_WARN_DOCUMENTATION_COMMENTS = YES;
				CLANG_WARN_EMPTY_BODY = YES;
				CLANG_WARN_ENUM_CONVERSION = YES;
				CLANG_WARN_INFINITE_RECURSION = YES;
				CLANG_WARN_INT_CONVERSION = YES;
				CLANG_WARN_NON_LITERAL_NULL_CONVERSION = YES;
				CLANG_WARN_OBJC_LITERAL_CONVERSION = YES;
				CLANG_WARN_OBJC_ROOT_CLASS = YES_ERROR;
				CLANG_WARN_RANGE_LOOP_ANALYSIS = YES;
				CLANG_WARN_STRICT_PROTOTYPES = YES;
				CLANG_WARN_SUSPICIOUS_MOVE = YES;
				CLANG_WARN_UNGUARDED_AVAILABILITY = YES_AGGRESSIVE;
				CLANG_WARN_UNREACHABLE_CODE = YES;
				CLANG_WARN__DUPLICATE_METHOD_MATCH = YES;
				CODE_SIGN_IDENTITY = "iPhone Developer";
				COPY_PHASE_STRIP = NO;
				DEBUG_INFORMATION_FORMAT = dwarf;
				ENABLE_STRICT_OBJC_MSGSEND = YES;
				ENABLE_TESTABILITY = YES;
				GCC_C_LANGUAGE_STANDARD = gnu11;
				GCC_DYNAMIC_NO_PIC = NO;
				GCC_NO_COMMON_BLOCKS = YES;
				GCC_OPTIMIZATION_LEVEL = 0;
				GCC_PREPROCESSOR_DEFINITIONS = (
					"DEBUG=1",
					"$(inherited)",
				);
				GCC_WARN_64_TO_32_BIT_CONVERSION = YES;
				GCC_WARN_ABOUT_RETURN_TYPE = YES_ERROR;
				GCC_WARN_UNDECLARED_SELECTOR = YES;
				GCC_WARN_UNINITIALIZED_AUTOS = YES_AGGRESSIVE;
				GCC_WARN_UNUSED_FUNCTION = YES;
				GCC_WARN_UNUSED_VARIABLE = YES;
				IPHONEOS_DEPLOYMENT_TARGET = 11.2;
				MTL_ENABLE_DEBUG_INFO = YES;
				ONLY_ACTIVE_ARCH = YES;
				SDKROOT = iphoneos;
				SWIFT_ACTIVE_COMPILATION_CONDITIONS = DEBUG;
				SWIFT_OPTIMIZATION_LEVEL = "-Onone";
			};
			name = Debug;
		};
		415C2E64202BB8C0005381D4 /* Release */ = {
			isa = XCBuildConfiguration;
			buildSettings = {
				ALWAYS_SEARCH_USER_PATHS = NO;
				CLANG_ANALYZER_NONNULL = YES;
				CLANG_ANALYZER_NUMBER_OBJECT_CONVERSION = YES_AGGRESSIVE;
				CLANG_CXX_LANGUAGE_STANDARD = "gnu++14";
				CLANG_CXX_LIBRARY = "libc++";
				CLANG_ENABLE_MODULES = YES;
				CLANG_ENABLE_OBJC_ARC = YES;
				CLANG_WARN_BLOCK_CAPTURE_AUTORELEASING = YES;
				CLANG_WARN_BOOL_CONVERSION = YES;
				CLANG_WARN_COMMA = YES;
				CLANG_WARN_CONSTANT_CONVERSION = YES;
				CLANG_WARN_DIRECT_OBJC_ISA_USAGE = YES_ERROR;
				CLANG_WARN_DOCUMENTATION_COMMENTS = YES;
				CLANG_WARN_EMPTY_BODY = YES;
				CLANG_WARN_ENUM_CONVERSION = YES;
				CLANG_WARN_INFINITE_RECURSION = YES;
				CLANG_WARN_INT_CONVERSION = YES;
				CLANG_WARN_NON_LITERAL_NULL_CONVERSION = YES;
				CLANG_WARN_OBJC_LITERAL_CONVERSION = YES;
				CLANG_WARN_OBJC_ROOT_CLASS = YES_ERROR;
				CLANG_WARN_RANGE_LOOP_ANALYSIS = YES;
				CLANG_WARN_STRICT_PROTOTYPES = YES;
				CLANG_WARN_SUSPICIOUS_MOVE = YES;
				CLANG_WARN_UNGUARDED_AVAILABILITY = YES_AGGRESSIVE;
				CLANG_WARN_UNREACHABLE_CODE = YES;
				CLANG_WARN__DUPLICATE_METHOD_MATCH = YES;
				CODE_SIGN_IDENTITY = "iPhone Developer";
				COPY_PHASE_STRIP = NO;
				DEBUG_INFORMATION_FORMAT = "dwarf-with-dsym";
				ENABLE_NS_ASSERTIONS = NO;
				ENABLE_STRICT_OBJC_MSGSEND = YES;
				GCC_C_LANGUAGE_STANDARD = gnu11;
				GCC_NO_COMMON_BLOCKS = YES;
				GCC_WARN_64_TO_32_BIT_CONVERSION = YES;
				GCC_WARN_ABOUT_RETURN_TYPE = YES_ERROR;
				GCC_WARN_UNDECLARED_SELECTOR = YES;
				GCC_WARN_UNINITIALIZED_AUTOS = YES_AGGRESSIVE;
				GCC_WARN_UNUSED_FUNCTION = YES;
				GCC_WARN_UNUSED_VARIABLE = YES;
				IPHONEOS_DEPLOYMENT_TARGET = 11.2;
				MTL_ENABLE_DEBUG_INFO = NO;
				SDKROOT = iphoneos;
				SWIFT_OPTIMIZATION_LEVEL = "-Owholemodule";
				VALIDATE_PRODUCT = YES;
			};
			name = Release;
		};
		415C2E66202BB8C0005381D4 /* Debug */ = {
			isa = XCBuildConfiguration;
			buildSettings = {
				ASSETCATALOG_COMPILER_APPICON_NAME = AppIcon;
				CODE_SIGN_STYLE = Automatic;
				DEVELOPMENT_TEAM = 2PHCWJFN7J;
				INFOPLIST_FILE = "Road Fighter/Info.plist";
				LD_RUNPATH_SEARCH_PATHS = "$(inherited) @executable_path/Frameworks";
				PRODUCT_BUNDLE_IDENTIFIER = sompurayash.RoadFighter;
				PRODUCT_NAME = "$(TARGET_NAME)";
				SWIFT_VERSION = 4.0;
				TARGETED_DEVICE_FAMILY = "1,2";
			};
			name = Debug;
		};
		415C2E67202BB8C0005381D4 /* Release */ = {
			isa = XCBuildConfiguration;
			buildSettings = {
				ASSETCATALOG_COMPILER_APPICON_NAME = AppIcon;
				CODE_SIGN_STYLE = Automatic;
				DEVELOPMENT_TEAM = 2PHCWJFN7J;
				INFOPLIST_FILE = "Road Fighter/Info.plist";
				LD_RUNPATH_SEARCH_PATHS = "$(inherited) @executable_path/Frameworks";
				PRODUCT_BUNDLE_IDENTIFIER = sompurayash.RoadFighter;
				PRODUCT_NAME = "$(TARGET_NAME)";
				SWIFT_VERSION = 4.0;
				TARGETED_DEVICE_FAMILY = "1,2";
			};
			name = Release;
		};
/* End XCBuildConfiguration section */

/* Begin XCConfigurationList section */
		415C2E48202BB8C0005381D4 /* Build configuration list for PBXProject "Road Fighter" */ = {
			isa = XCConfigurationList;
			buildConfigurations = (
				415C2E63202BB8C0005381D4 /* Debug */,
				415C2E64202BB8C0005381D4 /* Release */,
			);
			defaultConfigurationIsVisible = 0;
			defaultConfigurationName = Release;
		};
		415C2E65202BB8C0005381D4 /* Build configuration list for PBXNativeTarget "Road Fighter" */ = {
			isa = XCConfigurationList;
			buildConfigurations = (
				415C2E66202BB8C0005381D4 /* Debug */,
				415C2E67202BB8C0005381D4 /* Release */,
			);
			defaultConfigurationIsVisible = 0;
			defaultConfigurationName = Release;
		};
/* End XCConfigurationList section */
	};
	rootObject = 415C2E45202BB8C0005381D4 /* Project object */;
}
